// !$*UTF8*$!
{
	archiveVersion = 1;
	classes = {
	};
	objectVersion = 51;
	objects = {

/* Begin PBXBuildFile section */
		63CC79CB239DAE9200052607 /* info_picture.png in Resources */ = {isa = PBXBuildFile; fileRef = 63CC79CA239DAE9200052607 /* info_picture.png */; };
		63CC79D6239DAEC400052607 /* MerryBerry.jpg in Resources */ = {isa = PBXBuildFile; fileRef = 63CC79CC239DAEC300052607 /* MerryBerry.jpg */; };
		63CC79D7239DAEC400052607 /* Cowles.jpeg in Resources */ = {isa = PBXBuildFile; fileRef = 63CC79CD239DAEC400052607 /* Cowles.jpeg */; };
		63CC79D8239DAEC400052607 /* College Hall.jpg in Resources */ = {isa = PBXBuildFile; fileRef = 63CC79CE239DAEC400052607 /* College Hall.jpg */; };
		63CC79D9239DAEC400052607 /* Smith Chapel.jpeg in Resources */ = {isa = PBXBuildFile; fileRef = 63CC79CF239DAEC400052607 /* Smith Chapel.jpeg */; };
		63CC79DA239DAEC400052607 /* Music.jpg in Resources */ = {isa = PBXBuildFile; fileRef = 63CC79D0239DAEC400052607 /* Music.jpg */; };
		63CC79DB239DAEC400052607 /* Mcneill.jpeg in Resources */ = {isa = PBXBuildFile; fileRef = 63CC79D1239DAEC400052607 /* Mcneill.jpeg */; };
		63CC79DC239DAEC400052607 /* Kent.jpg in Resources */ = {isa = PBXBuildFile; fileRef = 63CC79D2239DAEC400052607 /* Kent.jpg */; };
		63CC79DD239DAEC400052607 /* Great Hall.jpg in Resources */ = {isa = PBXBuildFile; fileRef = 63CC79D3239DAEC400052607 /* Great Hall.jpg */; };
		63CC79DE239DAEC400052607 /* Pfeiffer.jpg in Resources */ = {isa = PBXBuildFile; fileRef = 63CC79D4239DAEC400052607 /* Pfeiffer.jpg */; };
		63CC79DF239DAEC400052607 /* Wallace.jpg in Resources */ = {isa = PBXBuildFile; fileRef = 63CC79D5239DAEC400052607 /* Wallace.jpg */; };
		63CC79EB239DAEFD00052607 /* DunnLibrary.png in Resources */ = {isa = PBXBuildFile; fileRef = 63CC79E0239DAEFC00052607 /* DunnLibrary.png */; };
		63CC79EC239DAEFD00052607 /* BPacInterior.png in Resources */ = {isa = PBXBuildFile; fileRef = 63CC79E1239DAEFC00052607 /* BPacInterior.png */; };
		63CC79ED239DAEFD00052607 /* Carver.png in Resources */ = {isa = PBXBuildFile; fileRef = 63CC79E2239DAEFC00052607 /* Carver.png */; };
		63CC79EE239DAEFD00052607 /* BPacMain.png in Resources */ = {isa = PBXBuildFile; fileRef = 63CC79E3239DAEFC00052607 /* BPacMain.png */; };
		63CC79EF239DAEFD00052607 /* Buxton_Top.jpg in Resources */ = {isa = PBXBuildFile; fileRef = 63CC79E4239DAEFC00052607 /* Buxton_Top.jpg */; };
		63CC79F0239DAEFD00052607 /* Buxton.jpg in Resources */ = {isa = PBXBuildFile; fileRef = 63CC79E5239DAEFC00052607 /* Buxton.jpg */; };
		63CC79F1239DAEFD00052607 /* Hillman_Old.png in Resources */ = {isa = PBXBuildFile; fileRef = 63CC79E6239DAEFC00052607 /* Hillman_Old.png */; };
		63CC79F2239DAEFD00052607 /* Screen Shot 2019-11-24 at 1.22.52 PM.png in Resources */ = {isa = PBXBuildFile; fileRef = 63CC79E7239DAEFD00052607 /* Screen Shot 2019-11-24 at 1.22.52 PM.png */; };
		63CC79F3239DAEFD00052607 /* Hillman.png in Resources */ = {isa = PBXBuildFile; fileRef = 63CC79E8239DAEFD00052607 /* Hillman.png */; };
		63CC79F4239DAEFD00052607 /* BPacOld.png in Resources */ = {isa = PBXBuildFile; fileRef = 63CC79E9239DAEFD00052607 /* BPacOld.png */; };
		63CC79F5239DAEFD00052607 /* DunnLibraryOutside.png in Resources */ = {isa = PBXBuildFile; fileRef = 63CC79EA239DAEFD00052607 /* DunnLibraryOutside.png */; };
		6AC607A20AAFC368A31CBAF2 /* Pods_HistoryApplicationIOS_HistoryApplicationIOSUITests.framework in Frameworks */ = {isa = PBXBuildFile; fileRef = 75A2A6DB1915DC51A425F83D /* Pods_HistoryApplicationIOS_HistoryApplicationIOSUITests.framework */; };
		7093E35F24AD955D3C979B73 /* Pods_HistoryApplicationIOSTests.framework in Frameworks */ = {isa = PBXBuildFile; fileRef = CB0ADBE82F77E80CEFF60F2F /* Pods_HistoryApplicationIOSTests.framework */; };
		87FF1C588C8BEE852047C8E9 /* Pods_HistoryApplicationIOS.framework in Frameworks */ = {isa = PBXBuildFile; fileRef = BA35604FAF251212FB7EF94C /* Pods_HistoryApplicationIOS.framework */; };
		E9CC4C912379C9A8001960D6 /* AppDelegate.swift in Sources */ = {isa = PBXBuildFile; fileRef = E9CC4C902379C9A8001960D6 /* AppDelegate.swift */; };
		E9CC4C932379C9A8001960D6 /* ViewController.swift in Sources */ = {isa = PBXBuildFile; fileRef = E9CC4C922379C9A8001960D6 /* ViewController.swift */; };
		E9CC4C962379C9A8001960D6 /* Main.storyboard in Resources */ = {isa = PBXBuildFile; fileRef = E9CC4C942379C9A8001960D6 /* Main.storyboard */; };
		E9CC4C982379C9A9001960D6 /* Assets.xcassets in Resources */ = {isa = PBXBuildFile; fileRef = E9CC4C972379C9A9001960D6 /* Assets.xcassets */; };
		E9CC4C9B2379C9A9001960D6 /* LaunchScreen.storyboard in Resources */ = {isa = PBXBuildFile; fileRef = E9CC4C992379C9A9001960D6 /* LaunchScreen.storyboard */; };
		E9CC4CA62379C9A9001960D6 /* HistoryApplicationIOSTests.swift in Sources */ = {isa = PBXBuildFile; fileRef = E9CC4CA52379C9A9001960D6 /* HistoryApplicationIOSTests.swift */; };
		E9CC4CB12379C9A9001960D6 /* HistoryApplicationIOSUITests.swift in Sources */ = {isa = PBXBuildFile; fileRef = E9CC4CB02379C9A9001960D6 /* HistoryApplicationIOSUITests.swift */; };
		E9CC4CBF2379CF59001960D6 /* HomePageViewController.swift in Sources */ = {isa = PBXBuildFile; fileRef = E9CC4CBE2379CF59001960D6 /* HomePageViewController.swift */; };
		E9CC4CC12379CF6C001960D6 /* MapViewControler.swift in Sources */ = {isa = PBXBuildFile; fileRef = E9CC4CC02379CF6C001960D6 /* MapViewControler.swift */; };
		E9CC4CC32379CFAD001960D6 /* BuildingListViewController.swift in Sources */ = {isa = PBXBuildFile; fileRef = E9CC4CC22379CFAC001960D6 /* BuildingListViewController.swift */; };
/* End PBXBuildFile section */

/* Begin PBXContainerItemProxy section */
		E9CC4CA22379C9A9001960D6 /* PBXContainerItemProxy */ = {
			isa = PBXContainerItemProxy;
			containerPortal = E9CC4C852379C9A8001960D6 /* Project object */;
			proxyType = 1;
			remoteGlobalIDString = E9CC4C8C2379C9A8001960D6;
			remoteInfo = HistoryApplicationIOS;
		};
		E9CC4CAD2379C9A9001960D6 /* PBXContainerItemProxy */ = {
			isa = PBXContainerItemProxy;
			containerPortal = E9CC4C852379C9A8001960D6 /* Project object */;
			proxyType = 1;
			remoteGlobalIDString = E9CC4C8C2379C9A8001960D6;
			remoteInfo = HistoryApplicationIOS;
		};
/* End PBXContainerItemProxy section */

/* Begin PBXFileReference section */
		30392CDCDDD97ABF96361023 /* Pods-HistoryApplicationIOS.release.xcconfig */ = {isa = PBXFileReference; includeInIndex = 1; lastKnownFileType = text.xcconfig; name = "Pods-HistoryApplicationIOS.release.xcconfig"; path = "Target Support Files/Pods-HistoryApplicationIOS/Pods-HistoryApplicationIOS.release.xcconfig"; sourceTree = "<group>"; };
		330B921D01672FFF707388F3 /* Pods-HistoryApplicationIOS-HistoryApplicationIOSUITests.release.xcconfig */ = {isa = PBXFileReference; includeInIndex = 1; lastKnownFileType = text.xcconfig; name = "Pods-HistoryApplicationIOS-HistoryApplicationIOSUITests.release.xcconfig"; path = "Target Support Files/Pods-HistoryApplicationIOS-HistoryApplicationIOSUITests/Pods-HistoryApplicationIOS-HistoryApplicationIOSUITests.release.xcconfig"; sourceTree = "<group>"; };
		43A8A9CB86D4B38EADDEAD33 /* Pods-HistoryApplicationIOS.debug.xcconfig */ = {isa = PBXFileReference; includeInIndex = 1; lastKnownFileType = text.xcconfig; name = "Pods-HistoryApplicationIOS.debug.xcconfig"; path = "Target Support Files/Pods-HistoryApplicationIOS/Pods-HistoryApplicationIOS.debug.xcconfig"; sourceTree = "<group>"; };
		4A7BFEFE013EAE314B2922E6 /* Pods-HistoryApplicationIOSTests.debug.xcconfig */ = {isa = PBXFileReference; includeInIndex = 1; lastKnownFileType = text.xcconfig; name = "Pods-HistoryApplicationIOSTests.debug.xcconfig"; path = "Target Support Files/Pods-HistoryApplicationIOSTests/Pods-HistoryApplicationIOSTests.debug.xcconfig"; sourceTree = "<group>"; };
		63CC79CA239DAE9200052607 /* info_picture.png */ = {isa = PBXFileReference; lastKnownFileType = image.png; path = info_picture.png; sourceTree = "<group>"; };
		63CC79CC239DAEC300052607 /* MerryBerry.jpg */ = {isa = PBXFileReference; lastKnownFileType = image.jpeg; path = MerryBerry.jpg; sourceTree = "<group>"; };
		63CC79CD239DAEC400052607 /* Cowles.jpeg */ = {isa = PBXFileReference; lastKnownFileType = image.jpeg; path = Cowles.jpeg; sourceTree = "<group>"; };
		63CC79CE239DAEC400052607 /* College Hall.jpg */ = {isa = PBXFileReference; lastKnownFileType = image.jpeg; path = "College Hall.jpg"; sourceTree = "<group>"; };
		63CC79CF239DAEC400052607 /* Smith Chapel.jpeg */ = {isa = PBXFileReference; lastKnownFileType = image.jpeg; path = "Smith Chapel.jpeg"; sourceTree = "<group>"; };
		63CC79D0239DAEC400052607 /* Music.jpg */ = {isa = PBXFileReference; lastKnownFileType = image.jpeg; path = Music.jpg; sourceTree = "<group>"; };
		63CC79D1239DAEC400052607 /* Mcneill.jpeg */ = {isa = PBXFileReference; lastKnownFileType = image.jpeg; path = Mcneill.jpeg; sourceTree = "<group>"; };
		63CC79D2239DAEC400052607 /* Kent.jpg */ = {isa = PBXFileReference; lastKnownFileType = image.jpeg; path = Kent.jpg; sourceTree = "<group>"; };
		63CC79D3239DAEC400052607 /* Great Hall.jpg */ = {isa = PBXFileReference; lastKnownFileType = image.jpeg; path = "Great Hall.jpg"; sourceTree = "<group>"; };
		63CC79D4239DAEC400052607 /* Pfeiffer.jpg */ = {isa = PBXFileReference; lastKnownFileType = image.jpeg; path = Pfeiffer.jpg; sourceTree = "<group>"; };
		63CC79D5239DAEC400052607 /* Wallace.jpg */ = {isa = PBXFileReference; lastKnownFileType = image.jpeg; path = Wallace.jpg; sourceTree = "<group>"; };
		63CC79E0239DAEFC00052607 /* DunnLibrary.png */ = {isa = PBXFileReference; lastKnownFileType = image.png; path = DunnLibrary.png; sourceTree = "<group>"; };
		63CC79E1239DAEFC00052607 /* BPacInterior.png */ = {isa = PBXFileReference; lastKnownFileType = image.png; path = BPacInterior.png; sourceTree = "<group>"; };
		63CC79E2239DAEFC00052607 /* Carver.png */ = {isa = PBXFileReference; lastKnownFileType = image.png; path = Carver.png; sourceTree = "<group>"; };
		63CC79E3239DAEFC00052607 /* BPacMain.png */ = {isa = PBXFileReference; lastKnownFileType = image.png; path = BPacMain.png; sourceTree = "<group>"; };
		63CC79E4239DAEFC00052607 /* Buxton_Top.jpg */ = {isa = PBXFileReference; lastKnownFileType = image.jpeg; path = Buxton_Top.jpg; sourceTree = "<group>"; };
		63CC79E5239DAEFC00052607 /* Buxton.jpg */ = {isa = PBXFileReference; lastKnownFileType = image.jpeg; path = Buxton.jpg; sourceTree = "<group>"; };
		63CC79E6239DAEFC00052607 /* Hillman_Old.png */ = {isa = PBXFileReference; lastKnownFileType = image.png; path = Hillman_Old.png; sourceTree = "<group>"; };
		63CC79E7239DAEFD00052607 /* Screen Shot 2019-11-24 at 1.22.52 PM.png */ = {isa = PBXFileReference; lastKnownFileType = image.png; path = "Screen Shot 2019-11-24 at 1.22.52 PM.png"; sourceTree = "<group>"; };
		63CC79E8239DAEFD00052607 /* Hillman.png */ = {isa = PBXFileReference; lastKnownFileType = image.png; path = Hillman.png; sourceTree = "<group>"; };
		63CC79E9239DAEFD00052607 /* BPacOld.png */ = {isa = PBXFileReference; lastKnownFileType = image.png; path = BPacOld.png; sourceTree = "<group>"; };
		63CC79EA239DAEFD00052607 /* DunnLibraryOutside.png */ = {isa = PBXFileReference; lastKnownFileType = image.png; path = DunnLibraryOutside.png; sourceTree = "<group>"; };
		75A2A6DB1915DC51A425F83D /* Pods_HistoryApplicationIOS_HistoryApplicationIOSUITests.framework */ = {isa = PBXFileReference; explicitFileType = wrapper.framework; includeInIndex = 0; path = Pods_HistoryApplicationIOS_HistoryApplicationIOSUITests.framework; sourceTree = BUILT_PRODUCTS_DIR; };
		A75EA152996F4B9AD684ADF8 /* Pods-HistoryApplicationIOSTests.release.xcconfig */ = {isa = PBXFileReference; includeInIndex = 1; lastKnownFileType = text.xcconfig; name = "Pods-HistoryApplicationIOSTests.release.xcconfig"; path = "Target Support Files/Pods-HistoryApplicationIOSTests/Pods-HistoryApplicationIOSTests.release.xcconfig"; sourceTree = "<group>"; };
		AF1C8E9979B53488F7738FCB /* Pods-HistoryApplicationIOS-HistoryApplicationIOSUITests.debug.xcconfig */ = {isa = PBXFileReference; includeInIndex = 1; lastKnownFileType = text.xcconfig; name = "Pods-HistoryApplicationIOS-HistoryApplicationIOSUITests.debug.xcconfig"; path = "Target Support Files/Pods-HistoryApplicationIOS-HistoryApplicationIOSUITests/Pods-HistoryApplicationIOS-HistoryApplicationIOSUITests.debug.xcconfig"; sourceTree = "<group>"; };
		BA35604FAF251212FB7EF94C /* Pods_HistoryApplicationIOS.framework */ = {isa = PBXFileReference; explicitFileType = wrapper.framework; includeInIndex = 0; path = Pods_HistoryApplicationIOS.framework; sourceTree = BUILT_PRODUCTS_DIR; };
		CB0ADBE82F77E80CEFF60F2F /* Pods_HistoryApplicationIOSTests.framework */ = {isa = PBXFileReference; explicitFileType = wrapper.framework; includeInIndex = 0; path = Pods_HistoryApplicationIOSTests.framework; sourceTree = BUILT_PRODUCTS_DIR; };
		E9CC4C8D2379C9A8001960D6 /* HistoryApplicationIOS.app */ = {isa = PBXFileReference; explicitFileType = wrapper.application; includeInIndex = 0; path = HistoryApplicationIOS.app; sourceTree = BUILT_PRODUCTS_DIR; };
		E9CC4C902379C9A8001960D6 /* AppDelegate.swift */ = {isa = PBXFileReference; lastKnownFileType = sourcecode.swift; path = AppDelegate.swift; sourceTree = "<group>"; };
		E9CC4C922379C9A8001960D6 /* ViewController.swift */ = {isa = PBXFileReference; lastKnownFileType = sourcecode.swift; path = ViewController.swift; sourceTree = "<group>"; };
		E9CC4C952379C9A8001960D6 /* Base */ = {isa = PBXFileReference; lastKnownFileType = file.storyboard; name = Base; path = Base.lproj/Main.storyboard; sourceTree = "<group>"; };
		E9CC4C972379C9A9001960D6 /* Assets.xcassets */ = {isa = PBXFileReference; lastKnownFileType = folder.assetcatalog; path = Assets.xcassets; sourceTree = "<group>"; };
		E9CC4C9A2379C9A9001960D6 /* Base */ = {isa = PBXFileReference; lastKnownFileType = file.storyboard; name = Base; path = Base.lproj/LaunchScreen.storyboard; sourceTree = "<group>"; };
		E9CC4C9C2379C9A9001960D6 /* Info.plist */ = {isa = PBXFileReference; lastKnownFileType = text.plist.xml; path = Info.plist; sourceTree = "<group>"; };
		E9CC4CA12379C9A9001960D6 /* HistoryApplicationIOSTests.xctest */ = {isa = PBXFileReference; explicitFileType = wrapper.cfbundle; includeInIndex = 0; path = HistoryApplicationIOSTests.xctest; sourceTree = BUILT_PRODUCTS_DIR; };
		E9CC4CA52379C9A9001960D6 /* HistoryApplicationIOSTests.swift */ = {isa = PBXFileReference; lastKnownFileType = sourcecode.swift; path = HistoryApplicationIOSTests.swift; sourceTree = "<group>"; };
		E9CC4CA72379C9A9001960D6 /* Info.plist */ = {isa = PBXFileReference; lastKnownFileType = text.plist.xml; path = Info.plist; sourceTree = "<group>"; };
		E9CC4CAC2379C9A9001960D6 /* HistoryApplicationIOSUITests.xctest */ = {isa = PBXFileReference; explicitFileType = wrapper.cfbundle; includeInIndex = 0; path = HistoryApplicationIOSUITests.xctest; sourceTree = BUILT_PRODUCTS_DIR; };
		E9CC4CB02379C9A9001960D6 /* HistoryApplicationIOSUITests.swift */ = {isa = PBXFileReference; lastKnownFileType = sourcecode.swift; path = HistoryApplicationIOSUITests.swift; sourceTree = "<group>"; };
		E9CC4CB22379C9A9001960D6 /* Info.plist */ = {isa = PBXFileReference; lastKnownFileType = text.plist.xml; path = Info.plist; sourceTree = "<group>"; };
		E9CC4CBE2379CF59001960D6 /* HomePageViewController.swift */ = {isa = PBXFileReference; lastKnownFileType = sourcecode.swift; path = HomePageViewController.swift; sourceTree = "<group>"; };
		E9CC4CC02379CF6C001960D6 /* MapViewControler.swift */ = {isa = PBXFileReference; lastKnownFileType = sourcecode.swift; path = MapViewControler.swift; sourceTree = "<group>"; };
		E9CC4CC22379CFAC001960D6 /* BuildingListViewController.swift */ = {isa = PBXFileReference; lastKnownFileType = sourcecode.swift; path = BuildingListViewController.swift; sourceTree = "<group>"; };
/* End PBXFileReference section */

/* Begin PBXFrameworksBuildPhase section */
		E9CC4C8A2379C9A8001960D6 /* Frameworks */ = {
			isa = PBXFrameworksBuildPhase;
			buildActionMask = 2147483647;
			files = (
				87FF1C588C8BEE852047C8E9 /* Pods_HistoryApplicationIOS.framework in Frameworks */,
			);
			runOnlyForDeploymentPostprocessing = 0;
		};
		E9CC4C9E2379C9A9001960D6 /* Frameworks */ = {
			isa = PBXFrameworksBuildPhase;
			buildActionMask = 2147483647;
			files = (
				7093E35F24AD955D3C979B73 /* Pods_HistoryApplicationIOSTests.framework in Frameworks */,
			);
			runOnlyForDeploymentPostprocessing = 0;
		};
		E9CC4CA92379C9A9001960D6 /* Frameworks */ = {
			isa = PBXFrameworksBuildPhase;
			buildActionMask = 2147483647;
			files = (
				6AC607A20AAFC368A31CBAF2 /* Pods_HistoryApplicationIOS_HistoryApplicationIOSUITests.framework in Frameworks */,
			);
			runOnlyForDeploymentPostprocessing = 0;
		};
/* End PBXFrameworksBuildPhase section */

/* Begin PBXGroup section */
		0DE7EC612E9EC4F24A8EDFEA /* Frameworks */ = {
			isa = PBXGroup;
			children = (
				BA35604FAF251212FB7EF94C /* Pods_HistoryApplicationIOS.framework */,
				75A2A6DB1915DC51A425F83D /* Pods_HistoryApplicationIOS_HistoryApplicationIOSUITests.framework */,
				CB0ADBE82F77E80CEFF60F2F /* Pods_HistoryApplicationIOSTests.framework */,
			);
			name = Frameworks;
			sourceTree = "<group>";
		};
		656D88E3C5B8FB4114B5C0F2 /* Pods */ = {
			isa = PBXGroup;
			children = (
				43A8A9CB86D4B38EADDEAD33 /* Pods-HistoryApplicationIOS.debug.xcconfig */,
				30392CDCDDD97ABF96361023 /* Pods-HistoryApplicationIOS.release.xcconfig */,
				AF1C8E9979B53488F7738FCB /* Pods-HistoryApplicationIOS-HistoryApplicationIOSUITests.debug.xcconfig */,
				330B921D01672FFF707388F3 /* Pods-HistoryApplicationIOS-HistoryApplicationIOSUITests.release.xcconfig */,
				4A7BFEFE013EAE314B2922E6 /* Pods-HistoryApplicationIOSTests.debug.xcconfig */,
				A75EA152996F4B9AD684ADF8 /* Pods-HistoryApplicationIOSTests.release.xcconfig */,
			);
			path = Pods;
			sourceTree = "<group>";
		};
		E9CC4C842379C9A8001960D6 = {
			isa = PBXGroup;
			children = (
				E9CC4C8F2379C9A8001960D6 /* HistoryApplicationIOS */,
				E9CC4CA42379C9A9001960D6 /* HistoryApplicationIOSTests */,
				E9CC4CAF2379C9A9001960D6 /* HistoryApplicationIOSUITests */,
				E9CC4C8E2379C9A8001960D6 /* Products */,
				656D88E3C5B8FB4114B5C0F2 /* Pods */,
				0DE7EC612E9EC4F24A8EDFEA /* Frameworks */,
			);
			sourceTree = "<group>";
		};
		E9CC4C8E2379C9A8001960D6 /* Products */ = {
			isa = PBXGroup;
			children = (
				E9CC4C8D2379C9A8001960D6 /* HistoryApplicationIOS.app */,
				E9CC4CA12379C9A9001960D6 /* HistoryApplicationIOSTests.xctest */,
				E9CC4CAC2379C9A9001960D6 /* HistoryApplicationIOSUITests.xctest */,
			);
			name = Products;
			sourceTree = "<group>";
		};
		E9CC4C8F2379C9A8001960D6 /* HistoryApplicationIOS */ = {
			isa = PBXGroup;
			children = (
				63CC79CE239DAEC400052607 /* College Hall.jpg */,
				63CC79CD239DAEC400052607 /* Cowles.jpeg */,
				63CC79D3239DAEC400052607 /* Great Hall.jpg */,
				63CC79D2239DAEC400052607 /* Kent.jpg */,
				63CC79D1239DAEC400052607 /* Mcneill.jpeg */,
				63CC79CC239DAEC300052607 /* MerryBerry.jpg */,
				63CC79D0239DAEC400052607 /* Music.jpg */,
				63CC79D4239DAEC400052607 /* Pfeiffer.jpg */,
				63CC79CF239DAEC400052607 /* Smith Chapel.jpeg */,
				63CC79D5239DAEC400052607 /* Wallace.jpg */,
				E9CC4C902379C9A8001960D6 /* AppDelegate.swift */,
				E9CC4C922379C9A8001960D6 /* ViewController.swift */,
				E9CC4C942379C9A8001960D6 /* Main.storyboard */,
				63CC79E1239DAEFC00052607 /* BPacInterior.png */,
				63CC79E3239DAEFC00052607 /* BPacMain.png */,
				63CC79E9239DAEFD00052607 /* BPacOld.png */,
				63CC79E4239DAEFC00052607 /* Buxton_Top.jpg */,
				63CC79E5239DAEFC00052607 /* Buxton.jpg */,
				63CC79E2239DAEFC00052607 /* Carver.png */,
				63CC79E0239DAEFC00052607 /* DunnLibrary.png */,
				63CC79EA239DAEFD00052607 /* DunnLibraryOutside.png */,
				63CC79E6239DAEFC00052607 /* Hillman_Old.png */,
				63CC79E8239DAEFD00052607 /* Hillman.png */,
				63CC79E7239DAEFD00052607 /* Screen Shot 2019-11-24 at 1.22.52 PM.png */,
				63CC79CA239DAE9200052607 /* info_picture.png */,
				E9CC4CBE2379CF59001960D6 /* HomePageViewController.swift */,
				E9CC4CC02379CF6C001960D6 /* MapViewControler.swift */,
				E9CC4CC22379CFAC001960D6 /* BuildingListViewController.swift */,
				E9CC4C972379C9A9001960D6 /* Assets.xcassets */,
				E9CC4C992379C9A9001960D6 /* LaunchScreen.storyboard */,
				E9CC4C9C2379C9A9001960D6 /* Info.plist */,
			);
			path = HistoryApplicationIOS;
			sourceTree = "<group>";
		};
		E9CC4CA42379C9A9001960D6 /* HistoryApplicationIOSTests */ = {
			isa = PBXGroup;
			children = (
				E9CC4CA52379C9A9001960D6 /* HistoryApplicationIOSTests.swift */,
				E9CC4CA72379C9A9001960D6 /* Info.plist */,
			);
			path = HistoryApplicationIOSTests;
			sourceTree = "<group>";
		};
		E9CC4CAF2379C9A9001960D6 /* HistoryApplicationIOSUITests */ = {
			isa = PBXGroup;
			children = (
				E9CC4CB02379C9A9001960D6 /* HistoryApplicationIOSUITests.swift */,
				E9CC4CB22379C9A9001960D6 /* Info.plist */,
			);
			path = HistoryApplicationIOSUITests;
			sourceTree = "<group>";
		};
/* End PBXGroup section */

/* Begin PBXNativeTarget section */
		E9CC4C8C2379C9A8001960D6 /* HistoryApplicationIOS */ = {
			isa = PBXNativeTarget;
			buildConfigurationList = E9CC4CB52379C9A9001960D6 /* Build configuration list for PBXNativeTarget "HistoryApplicationIOS" */;
			buildPhases = (
				F4958BA1C7255A2CD1EA0F58 /* [CP] Check Pods Manifest.lock */,
				E9CC4C892379C9A8001960D6 /* Sources */,
				E9CC4C8A2379C9A8001960D6 /* Frameworks */,
				E9CC4C8B2379C9A8001960D6 /* Resources */,
				703A530C2889A9F5EC161A8A /* [CP] Copy Pods Resources */,
			);
			buildRules = (
			);
			dependencies = (
			);
			name = HistoryApplicationIOS;
			productName = HistoryApplicationIOS;
			productReference = E9CC4C8D2379C9A8001960D6 /* HistoryApplicationIOS.app */;
			productType = "com.apple.product-type.application";
		};
		E9CC4CA02379C9A9001960D6 /* HistoryApplicationIOSTests */ = {
			isa = PBXNativeTarget;
			buildConfigurationList = E9CC4CB82379C9A9001960D6 /* Build configuration list for PBXNativeTarget "HistoryApplicationIOSTests" */;
			buildPhases = (
				22B6344410EFD32B2DAAF29B /* [CP] Check Pods Manifest.lock */,
				E9CC4C9D2379C9A9001960D6 /* Sources */,
				E9CC4C9E2379C9A9001960D6 /* Frameworks */,
				E9CC4C9F2379C9A9001960D6 /* Resources */,
			);
			buildRules = (
			);
			dependencies = (
				E9CC4CA32379C9A9001960D6 /* PBXTargetDependency */,
			);
			name = HistoryApplicationIOSTests;
			productName = HistoryApplicationIOSTests;
			productReference = E9CC4CA12379C9A9001960D6 /* HistoryApplicationIOSTests.xctest */;
			productType = "com.apple.product-type.bundle.unit-test";
		};
		E9CC4CAB2379C9A9001960D6 /* HistoryApplicationIOSUITests */ = {
			isa = PBXNativeTarget;
			buildConfigurationList = E9CC4CBB2379C9A9001960D6 /* Build configuration list for PBXNativeTarget "HistoryApplicationIOSUITests" */;
			buildPhases = (
				726D7CC440ADC837B871E54C /* [CP] Check Pods Manifest.lock */,
				E9CC4CA82379C9A9001960D6 /* Sources */,
				E9CC4CA92379C9A9001960D6 /* Frameworks */,
				E9CC4CAA2379C9A9001960D6 /* Resources */,
				760F63D9933A256713E32FAD /* [CP] Copy Pods Resources */,
			);
			buildRules = (
			);
			dependencies = (
				E9CC4CAE2379C9A9001960D6 /* PBXTargetDependency */,
			);
			name = HistoryApplicationIOSUITests;
			productName = HistoryApplicationIOSUITests;
			productReference = E9CC4CAC2379C9A9001960D6 /* HistoryApplicationIOSUITests.xctest */;
			productType = "com.apple.product-type.bundle.ui-testing";
		};
/* End PBXNativeTarget section */

/* Begin PBXProject section */
		E9CC4C852379C9A8001960D6 /* Project object */ = {
			isa = PBXProject;
			attributes = {
				LastSwiftUpdateCheck = 1030;
				LastUpgradeCheck = 1030;
				ORGANIZATIONNAME = "Sam Adeniyi";
				TargetAttributes = {
					E9CC4C8C2379C9A8001960D6 = {
						CreatedOnToolsVersion = 10.3;
					};
					E9CC4CA02379C9A9001960D6 = {
						CreatedOnToolsVersion = 10.3;
						TestTargetID = E9CC4C8C2379C9A8001960D6;
					};
					E9CC4CAB2379C9A9001960D6 = {
						CreatedOnToolsVersion = 10.3;
						TestTargetID = E9CC4C8C2379C9A8001960D6;
					};
				};
			};
			buildConfigurationList = E9CC4C882379C9A8001960D6 /* Build configuration list for PBXProject "HistoryApplicationIOS" */;
			compatibilityVersion = "Xcode 9.3";
			developmentRegion = en;
			hasScannedForEncodings = 0;
			knownRegions = (
				en,
				Base,
			);
			mainGroup = E9CC4C842379C9A8001960D6;
			productRefGroup = E9CC4C8E2379C9A8001960D6 /* Products */;
			projectDirPath = "";
			projectRoot = "";
			targets = (
				E9CC4C8C2379C9A8001960D6 /* HistoryApplicationIOS */,
				E9CC4CA02379C9A9001960D6 /* HistoryApplicationIOSTests */,
				E9CC4CAB2379C9A9001960D6 /* HistoryApplicationIOSUITests */,
			);
		};
/* End PBXProject section */

/* Begin PBXResourcesBuildPhase section */
		E9CC4C8B2379C9A8001960D6 /* Resources */ = {
			isa = PBXResourcesBuildPhase;
			buildActionMask = 2147483647;
			files = (
				63CC79DA239DAEC400052607 /* Music.jpg in Resources */,
				63CC79D8239DAEC400052607 /* College Hall.jpg in Resources */,
				63CC79D7239DAEC400052607 /* Cowles.jpeg in Resources */,
				63CC79F4239DAEFD00052607 /* BPacOld.png in Resources */,
				63CC79F1239DAEFD00052607 /* Hillman_Old.png in Resources */,
				63CC79DF239DAEC400052607 /* Wallace.jpg in Resources */,
				E9CC4C9B2379C9A9001960D6 /* LaunchScreen.storyboard in Resources */,
				63CC79ED239DAEFD00052607 /* Carver.png in Resources */,
				63CC79EC239DAEFD00052607 /* BPacInterior.png in Resources */,
				63CC79EF239DAEFD00052607 /* Buxton_Top.jpg in Resources */,
				63CC79DE239DAEC400052607 /* Pfeiffer.jpg in Resources */,
				63CC79F0239DAEFD00052607 /* Buxton.jpg in Resources */,
				E9CC4C982379C9A9001960D6 /* Assets.xcassets in Resources */,
				63CC79DD239DAEC400052607 /* Great Hall.jpg in Resources */,
				63CC79D6239DAEC400052607 /* MerryBerry.jpg in Resources */,
				63CC79DB239DAEC400052607 /* Mcneill.jpeg in Resources */,
				63CC79F3239DAEFD00052607 /* Hillman.png in Resources */,
				63CC79CB239DAE9200052607 /* info_picture.png in Resources */,
				E9CC4C962379C9A8001960D6 /* Main.storyboard in Resources */,
				63CC79F2239DAEFD00052607 /* Screen Shot 2019-11-24 at 1.22.52 PM.png in Resources */,
				63CC79DC239DAEC400052607 /* Kent.jpg in Resources */,
				63CC79EB239DAEFD00052607 /* DunnLibrary.png in Resources */,
				63CC79F5239DAEFD00052607 /* DunnLibraryOutside.png in Resources */,
				63CC79EE239DAEFD00052607 /* BPacMain.png in Resources */,
				63CC79D9239DAEC400052607 /* Smith Chapel.jpeg in Resources */,
			);
			runOnlyForDeploymentPostprocessing = 0;
		};
		E9CC4C9F2379C9A9001960D6 /* Resources */ = {
			isa = PBXResourcesBuildPhase;
			buildActionMask = 2147483647;
			files = (
			);
			runOnlyForDeploymentPostprocessing = 0;
		};
		E9CC4CAA2379C9A9001960D6 /* Resources */ = {
			isa = PBXResourcesBuildPhase;
			buildActionMask = 2147483647;
			files = (
			);
			runOnlyForDeploymentPostprocessing = 0;
		};
/* End PBXResourcesBuildPhase section */

/* Begin PBXShellScriptBuildPhase section */
		22B6344410EFD32B2DAAF29B /* [CP] Check Pods Manifest.lock */ = {
			isa = PBXShellScriptBuildPhase;
			buildActionMask = 2147483647;
			files = (
			);
			inputFileListPaths = (
			);
			inputPaths = (
				"${PODS_PODFILE_DIR_PATH}/Podfile.lock",
				"${PODS_ROOT}/Manifest.lock",
			);
			name = "[CP] Check Pods Manifest.lock";
			outputFileListPaths = (
			);
			outputPaths = (
				"$(DERIVED_FILE_DIR)/Pods-HistoryApplicationIOSTests-checkManifestLockResult.txt",
			);
			runOnlyForDeploymentPostprocessing = 0;
			shellPath = /bin/sh;
			shellScript = "diff \"${PODS_PODFILE_DIR_PATH}/Podfile.lock\" \"${PODS_ROOT}/Manifest.lock\" > /dev/null\nif [ $? != 0 ] ; then\n    # print error to STDERR\n    echo \"error: The sandbox is not in sync with the Podfile.lock. Run 'pod install' or update your CocoaPods installation.\" >&2\n    exit 1\nfi\n# This output is used by Xcode 'outputs' to avoid re-running this script phase.\necho \"SUCCESS\" > \"${SCRIPT_OUTPUT_FILE_0}\"\n";
			showEnvVarsInLog = 0;
		};
		703A530C2889A9F5EC161A8A /* [CP] Copy Pods Resources */ = {
			isa = PBXShellScriptBuildPhase;
			buildActionMask = 2147483647;
			files = (
			);
			inputFileListPaths = (
				"${PODS_ROOT}/Target Support Files/Pods-HistoryApplicationIOS/Pods-HistoryApplicationIOS-resources-${CONFIGURATION}-input-files.xcfilelist",
			);
			name = "[CP] Copy Pods Resources";
			outputFileListPaths = (
				"${PODS_ROOT}/Target Support Files/Pods-HistoryApplicationIOS/Pods-HistoryApplicationIOS-resources-${CONFIGURATION}-output-files.xcfilelist",
			);
			runOnlyForDeploymentPostprocessing = 0;
			shellPath = /bin/sh;
			shellScript = "\"${PODS_ROOT}/Target Support Files/Pods-HistoryApplicationIOS/Pods-HistoryApplicationIOS-resources.sh\"\n";
			showEnvVarsInLog = 0;
		};
		726D7CC440ADC837B871E54C /* [CP] Check Pods Manifest.lock */ = {
			isa = PBXShellScriptBuildPhase;
			buildActionMask = 2147483647;
			files = (
			);
			inputFileListPaths = (
			);
			inputPaths = (
				"${PODS_PODFILE_DIR_PATH}/Podfile.lock",
				"${PODS_ROOT}/Manifest.lock",
			);
			name = "[CP] Check Pods Manifest.lock";
			outputFileListPaths = (
			);
			outputPaths = (
				"$(DERIVED_FILE_DIR)/Pods-HistoryApplicationIOS-HistoryApplicationIOSUITests-checkManifestLockResult.txt",
			);
			runOnlyForDeploymentPostprocessing = 0;
			shellPath = /bin/sh;
			shellScript = "diff \"${PODS_PODFILE_DIR_PATH}/Podfile.lock\" \"${PODS_ROOT}/Manifest.lock\" > /dev/null\nif [ $? != 0 ] ; then\n    # print error to STDERR\n    echo \"error: The sandbox is not in sync with the Podfile.lock. Run 'pod install' or update your CocoaPods installation.\" >&2\n    exit 1\nfi\n# This output is used by Xcode 'outputs' to avoid re-running this script phase.\necho \"SUCCESS\" > \"${SCRIPT_OUTPUT_FILE_0}\"\n";
			showEnvVarsInLog = 0;
		};
		760F63D9933A256713E32FAD /* [CP] Copy Pods Resources */ = {
			isa = PBXShellScriptBuildPhase;
			buildActionMask = 2147483647;
			files = (
			);
			inputFileListPaths = (
				"${PODS_ROOT}/Target Support Files/Pods-HistoryApplicationIOS-HistoryApplicationIOSUITests/Pods-HistoryApplicationIOS-HistoryApplicationIOSUITests-resources-${CONFIGURATION}-input-files.xcfilelist",
			);
			name = "[CP] Copy Pods Resources";
			outputFileListPaths = (
				"${PODS_ROOT}/Target Support Files/Pods-HistoryApplicationIOS-HistoryApplicationIOSUITests/Pods-HistoryApplicationIOS-HistoryApplicationIOSUITests-resources-${CONFIGURATION}-output-files.xcfilelist",
			);
			runOnlyForDeploymentPostprocessing = 0;
			shellPath = /bin/sh;
			shellScript = "\"${PODS_ROOT}/Target Support Files/Pods-HistoryApplicationIOS-HistoryApplicationIOSUITests/Pods-HistoryApplicationIOS-HistoryApplicationIOSUITests-resources.sh\"\n";
			showEnvVarsInLog = 0;
		};
		F4958BA1C7255A2CD1EA0F58 /* [CP] Check Pods Manifest.lock */ = {
			isa = PBXShellScriptBuildPhase;
			buildActionMask = 2147483647;
			files = (
			);
			inputFileListPaths = (
			);
			inputPaths = (
				"${PODS_PODFILE_DIR_PATH}/Podfile.lock",
				"${PODS_ROOT}/Manifest.lock",
			);
			name = "[CP] Check Pods Manifest.lock";
			outputFileListPaths = (
			);
			outputPaths = (
				"$(DERIVED_FILE_DIR)/Pods-HistoryApplicationIOS-checkManifestLockResult.txt",
			);
			runOnlyForDeploymentPostprocessing = 0;
			shellPath = /bin/sh;
			shellScript = "diff \"${PODS_PODFILE_DIR_PATH}/Podfile.lock\" \"${PODS_ROOT}/Manifest.lock\" > /dev/null\nif [ $? != 0 ] ; then\n    # print error to STDERR\n    echo \"error: The sandbox is not in sync with the Podfile.lock. Run 'pod install' or update your CocoaPods installation.\" >&2\n    exit 1\nfi\n# This output is used by Xcode 'outputs' to avoid re-running this script phase.\necho \"SUCCESS\" > \"${SCRIPT_OUTPUT_FILE_0}\"\n";
			showEnvVarsInLog = 0;
		};
/* End PBXShellScriptBuildPhase section */

/* Begin PBXSourcesBuildPhase section */
		E9CC4C892379C9A8001960D6 /* Sources */ = {
			isa = PBXSourcesBuildPhase;
			buildActionMask = 2147483647;
			files = (
				E9CC4C932379C9A8001960D6 /* ViewController.swift in Sources */,
				E9CC4C912379C9A8001960D6 /* AppDelegate.swift in Sources */,
				E9CC4CC32379CFAD001960D6 /* BuildingListViewController.swift in Sources */,
				E9CC4CBF2379CF59001960D6 /* HomePageViewController.swift in Sources */,
				E9CC4CC12379CF6C001960D6 /* MapViewControler.swift in Sources */,
			);
			runOnlyForDeploymentPostprocessing = 0;
		};
		E9CC4C9D2379C9A9001960D6 /* Sources */ = {
			isa = PBXSourcesBuildPhase;
			buildActionMask = 2147483647;
			files = (
				E9CC4CA62379C9A9001960D6 /* HistoryApplicationIOSTests.swift in Sources */,
			);
			runOnlyForDeploymentPostprocessing = 0;
		};
		E9CC4CA82379C9A9001960D6 /* Sources */ = {
			isa = PBXSourcesBuildPhase;
			buildActionMask = 2147483647;
			files = (
				E9CC4CB12379C9A9001960D6 /* HistoryApplicationIOSUITests.swift in Sources */,
			);
			runOnlyForDeploymentPostprocessing = 0;
		};
/* End PBXSourcesBuildPhase section */

/* Begin PBXTargetDependency section */
		E9CC4CA32379C9A9001960D6 /* PBXTargetDependency */ = {
			isa = PBXTargetDependency;
			target = E9CC4C8C2379C9A8001960D6 /* HistoryApplicationIOS */;
			targetProxy = E9CC4CA22379C9A9001960D6 /* PBXContainerItemProxy */;
		};
		E9CC4CAE2379C9A9001960D6 /* PBXTargetDependency */ = {
			isa = PBXTargetDependency;
			target = E9CC4C8C2379C9A8001960D6 /* HistoryApplicationIOS */;
			targetProxy = E9CC4CAD2379C9A9001960D6 /* PBXContainerItemProxy */;
		};
/* End PBXTargetDependency section */

/* Begin PBXVariantGroup section */
		E9CC4C942379C9A8001960D6 /* Main.storyboard */ = {
			isa = PBXVariantGroup;
			children = (
				E9CC4C952379C9A8001960D6 /* Base */,
			);
			name = Main.storyboard;
			sourceTree = "<group>";
		};
		E9CC4C992379C9A9001960D6 /* LaunchScreen.storyboard */ = {
			isa = PBXVariantGroup;
			children = (
				E9CC4C9A2379C9A9001960D6 /* Base */,
			);
			name = LaunchScreen.storyboard;
			sourceTree = "<group>";
		};
/* End PBXVariantGroup section */

/* Begin XCBuildConfiguration section */
		E9CC4CB32379C9A9001960D6 /* Debug */ = {
			isa = XCBuildConfiguration;
			buildSettings = {
				ALWAYS_SEARCH_USER_PATHS = NO;
				CLANG_ANALYZER_NONNULL = YES;
				CLANG_ANALYZER_NUMBER_OBJECT_CONVERSION = YES_AGGRESSIVE;
				CLANG_CXX_LANGUAGE_STANDARD = "gnu++14";
				CLANG_CXX_LIBRARY = "libc++";
				CLANG_ENABLE_MODULES = YES;
				CLANG_ENABLE_OBJC_ARC = YES;
				CLANG_ENABLE_OBJC_WEAK = YES;
				CLANG_WARN_BLOCK_CAPTURE_AUTORELEASING = YES;
				CLANG_WARN_BOOL_CONVERSION = YES;
				CLANG_WARN_COMMA = YES;
				CLANG_WARN_CONSTANT_CONVERSION = YES;
				CLANG_WARN_DEPRECATED_OBJC_IMPLEMENTATIONS = YES;
				CLANG_WARN_DIRECT_OBJC_ISA_USAGE = YES_ERROR;
				CLANG_WARN_DOCUMENTATION_COMMENTS = YES;
				CLANG_WARN_EMPTY_BODY = YES;
				CLANG_WARN_ENUM_CONVERSION = YES;
				CLANG_WARN_INFINITE_RECURSION = YES;
				CLANG_WARN_INT_CONVERSION = YES;
				CLANG_WARN_NON_LITERAL_NULL_CONVERSION = YES;
				CLANG_WARN_OBJC_IMPLICIT_RETAIN_SELF = YES;
				CLANG_WARN_OBJC_LITERAL_CONVERSION = YES;
				CLANG_WARN_OBJC_ROOT_CLASS = YES_ERROR;
				CLANG_WARN_RANGE_LOOP_ANALYSIS = YES;
				CLANG_WARN_STRICT_PROTOTYPES = YES;
				CLANG_WARN_SUSPICIOUS_MOVE = YES;
				CLANG_WARN_UNGUARDED_AVAILABILITY = YES_AGGRESSIVE;
				CLANG_WARN_UNREACHABLE_CODE = YES;
				CLANG_WARN__DUPLICATE_METHOD_MATCH = YES;
				CODE_SIGN_IDENTITY = "iPhone Developer";
				COPY_PHASE_STRIP = NO;
				DEBUG_INFORMATION_FORMAT = dwarf;
				DEVELOPMENT_TEAM = 5JPNG9EH6C;
				ENABLE_STRICT_OBJC_MSGSEND = YES;
				ENABLE_TESTABILITY = YES;
				GCC_C_LANGUAGE_STANDARD = gnu11;
				GCC_DYNAMIC_NO_PIC = NO;
				GCC_NO_COMMON_BLOCKS = YES;
				GCC_OPTIMIZATION_LEVEL = 0;
				GCC_PREPROCESSOR_DEFINITIONS = (
					"DEBUG=1",
					"$(inherited)",
				);
				GCC_WARN_64_TO_32_BIT_CONVERSION = YES;
				GCC_WARN_ABOUT_RETURN_TYPE = YES_ERROR;
				GCC_WARN_UNDECLARED_SELECTOR = YES;
				GCC_WARN_UNINITIALIZED_AUTOS = YES_AGGRESSIVE;
				GCC_WARN_UNUSED_FUNCTION = YES;
				GCC_WARN_UNUSED_VARIABLE = YES;
				IPHONEOS_DEPLOYMENT_TARGET = 12.4;
				MTL_ENABLE_DEBUG_INFO = INCLUDE_SOURCE;
				MTL_FAST_MATH = YES;
				ONLY_ACTIVE_ARCH = YES;
				SDKROOT = iphoneos;
				SWIFT_ACTIVE_COMPILATION_CONDITIONS = DEBUG;
				SWIFT_OPTIMIZATION_LEVEL = "-Onone";
			};
			name = Debug;
		};
		E9CC4CB42379C9A9001960D6 /* Release */ = {
			isa = XCBuildConfiguration;
			buildSettings = {
				ALWAYS_SEARCH_USER_PATHS = NO;
				CLANG_ANALYZER_NONNULL = YES;
				CLANG_ANALYZER_NUMBER_OBJECT_CONVERSION = YES_AGGRESSIVE;
				CLANG_CXX_LANGUAGE_STANDARD = "gnu++14";
				CLANG_CXX_LIBRARY = "libc++";
				CLANG_ENABLE_MODULES = YES;
				CLANG_ENABLE_OBJC_ARC = YES;
				CLANG_ENABLE_OBJC_WEAK = YES;
				CLANG_WARN_BLOCK_CAPTURE_AUTORELEASING = YES;
				CLANG_WARN_BOOL_CONVERSION = YES;
				CLANG_WARN_COMMA = YES;
				CLANG_WARN_CONSTANT_CONVERSION = YES;
				CLANG_WARN_DEPRECATED_OBJC_IMPLEMENTATIONS = YES;
				CLANG_WARN_DIRECT_OBJC_ISA_USAGE = YES_ERROR;
				CLANG_WARN_DOCUMENTATION_COMMENTS = YES;
				CLANG_WARN_EMPTY_BODY = YES;
				CLANG_WARN_ENUM_CONVERSION = YES;
				CLANG_WARN_INFINITE_RECURSION = YES;
				CLANG_WARN_INT_CONVERSION = YES;
				CLANG_WARN_NON_LITERAL_NULL_CONVERSION = YES;
				CLANG_WARN_OBJC_IMPLICIT_RETAIN_SELF = YES;
				CLANG_WARN_OBJC_LITERAL_CONVERSION = YES;
				CLANG_WARN_OBJC_ROOT_CLASS = YES_ERROR;
				CLANG_WARN_RANGE_LOOP_ANALYSIS = YES;
				CLANG_WARN_STRICT_PROTOTYPES = YES;
				CLANG_WARN_SUSPICIOUS_MOVE = YES;
				CLANG_WARN_UNGUARDED_AVAILABILITY = YES_AGGRESSIVE;
				CLANG_WARN_UNREACHABLE_CODE = YES;
				CLANG_WARN__DUPLICATE_METHOD_MATCH = YES;
				CODE_SIGN_IDENTITY = "iPhone Developer";
				COPY_PHASE_STRIP = NO;
				DEBUG_INFORMATION_FORMAT = "dwarf-with-dsym";
				DEVELOPMENT_TEAM = 5JPNG9EH6C;
				ENABLE_NS_ASSERTIONS = NO;
				ENABLE_STRICT_OBJC_MSGSEND = YES;
				GCC_C_LANGUAGE_STANDARD = gnu11;
				GCC_NO_COMMON_BLOCKS = YES;
				GCC_WARN_64_TO_32_BIT_CONVERSION = YES;
				GCC_WARN_ABOUT_RETURN_TYPE = YES_ERROR;
				GCC_WARN_UNDECLARED_SELECTOR = YES;
				GCC_WARN_UNINITIALIZED_AUTOS = YES_AGGRESSIVE;
				GCC_WARN_UNUSED_FUNCTION = YES;
				GCC_WARN_UNUSED_VARIABLE = YES;
				IPHONEOS_DEPLOYMENT_TARGET = 12.4;
				MTL_ENABLE_DEBUG_INFO = NO;
				MTL_FAST_MATH = YES;
				SDKROOT = iphoneos;
				SWIFT_COMPILATION_MODE = wholemodule;
				SWIFT_OPTIMIZATION_LEVEL = "-O";
				VALIDATE_PRODUCT = YES;
			};
			name = Release;
		};
		E9CC4CB62379C9A9001960D6 /* Debug */ = {
			isa = XCBuildConfiguration;
			baseConfigurationReference = 43A8A9CB86D4B38EADDEAD33 /* Pods-HistoryApplicationIOS.debug.xcconfig */;
			buildSettings = {
				ASSETCATALOG_COMPILER_APPICON_NAME = AppIcon;
				CODE_SIGN_STYLE = Automatic;
				INFOPLIST_FILE = HistoryApplicationIOS/Info.plist;
				LD_RUNPATH_SEARCH_PATHS = (
					"$(inherited)",
					"@executable_path/Frameworks",
				);
				PRODUCT_BUNDLE_IDENTIFIER = test.HistoryApplicationIOS;
				PRODUCT_NAME = "$(TARGET_NAME)";
				SWIFT_VERSION = 5.0;
				TARGETED_DEVICE_FAMILY = "1,2";
			};
			name = Debug;
		};
		E9CC4CB72379C9A9001960D6 /* Release */ = {
			isa = XCBuildConfiguration;
			baseConfigurationReference = 30392CDCDDD97ABF96361023 /* Pods-HistoryApplicationIOS.release.xcconfig */;
			buildSettings = {
				ASSETCATALOG_COMPILER_APPICON_NAME = AppIcon;
				CODE_SIGN_STYLE = Automatic;
				INFOPLIST_FILE = HistoryApplicationIOS/Info.plist;
				LD_RUNPATH_SEARCH_PATHS = (
					"$(inherited)",
					"@executable_path/Frameworks",
				);
				PRODUCT_BUNDLE_IDENTIFIER = test.HistoryApplicationIOS;
				PRODUCT_NAME = "$(TARGET_NAME)";
				SWIFT_VERSION = 5.0;
				TARGETED_DEVICE_FAMILY = "1,2";
			};
			name = Release;
		};
		E9CC4CB92379C9A9001960D6 /* Debug */ = {
			isa = XCBuildConfiguration;
			baseConfigurationReference = 4A7BFEFE013EAE314B2922E6 /* Pods-HistoryApplicationIOSTests.debug.xcconfig */;
			buildSettings = {
				ALWAYS_EMBED_SWIFT_STANDARD_LIBRARIES = YES;
				BUNDLE_LOADER = "$(TEST_HOST)";
				CODE_SIGN_STYLE = Automatic;
				INFOPLIST_FILE = HistoryApplicationIOSTests/Info.plist;
				LD_RUNPATH_SEARCH_PATHS = (
					"$(inherited)",
					"@executable_path/Frameworks",
					"@loader_path/Frameworks",
				);
				PRODUCT_BUNDLE_IDENTIFIER = test.HistoryApplicationIOSTests;
				PRODUCT_NAME = "$(TARGET_NAME)";
				SWIFT_VERSION = 5.0;
				TARGETED_DEVICE_FAMILY = "1,2";
				TEST_HOST = "$(BUILT_PRODUCTS_DIR)/HistoryApplicationIOS.app/HistoryApplicationIOS";
			};
			name = Debug;
		};
		E9CC4CBA2379C9A9001960D6 /* Release */ = {
			isa = XCBuildConfiguration;
			baseConfigurationReference = A75EA152996F4B9AD684ADF8 /* Pods-HistoryApplicationIOSTests.release.xcconfig */;
			buildSettings = {
				ALWAYS_EMBED_SWIFT_STANDARD_LIBRARIES = YES;
				BUNDLE_LOADER = "$(TEST_HOST)";
				CODE_SIGN_STYLE = Automatic;
				INFOPLIST_FILE = HistoryApplicationIOSTests/Info.plist;
				LD_RUNPATH_SEARCH_PATHS = (
					"$(inherited)",
					"@executable_path/Frameworks",
					"@loader_path/Frameworks",
				);
				PRODUCT_BUNDLE_IDENTIFIER = test.HistoryApplicationIOSTests;
				PRODUCT_NAME = "$(TARGET_NAME)";
				SWIFT_VERSION = 5.0;
				TARGETED_DEVICE_FAMILY = "1,2";
				TEST_HOST = "$(BUILT_PRODUCTS_DIR)/HistoryApplicationIOS.app/HistoryApplicationIOS";
			};
			name = Release;
		};
		E9CC4CBC2379C9A9001960D6 /* Debug */ = {
			isa = XCBuildConfiguration;
			baseConfigurationReference = AF1C8E9979B53488F7738FCB /* Pods-HistoryApplicationIOS-HistoryApplicationIOSUITests.debug.xcconfig */;
			buildSettings = {
				ALWAYS_EMBED_SWIFT_STANDARD_LIBRARIES = YES;
				CODE_SIGN_STYLE = Automatic;
				INFOPLIST_FILE = HistoryApplicationIOSUITests/Info.plist;
				LD_RUNPATH_SEARCH_PATHS = (
					"$(inherited)",
					"@executable_path/Frameworks",
					"@loader_path/Frameworks",
				);
				PRODUCT_BUNDLE_IDENTIFIER = test.HistoryApplicationIOSUITests;
				PRODUCT_NAME = "$(TARGET_NAME)";
				SWIFT_VERSION = 5.0;
				TARGETED_DEVICE_FAMILY = "1,2";
				TEST_TARGET_NAME = HistoryApplicationIOS;
			};
			name = Debug;
		};
		E9CC4CBD2379C9A9001960D6 /* Release */ = {
			isa = XCBuildConfiguration;
			baseConfigurationReference = 330B921D01672FFF707388F3 /* Pods-HistoryApplicationIOS-HistoryApplicationIOSUITests.release.xcconfig */;
			buildSettings = {
				ALWAYS_EMBED_SWIFT_STANDARD_LIBRARIES = YES;
				CODE_SIGN_STYLE = Automatic;
				INFOPLIST_FILE = HistoryApplicationIOSUITests/Info.plist;
				LD_RUNPATH_SEARCH_PATHS = (
					"$(inherited)",
					"@executable_path/Frameworks",
					"@loader_path/Frameworks",
				);
				PRODUCT_BUNDLE_IDENTIFIER = test.HistoryApplicationIOSUITests;
				PRODUCT_NAME = "$(TARGET_NAME)";
				SWIFT_VERSION = 5.0;
				TARGETED_DEVICE_FAMILY = "1,2";
				TEST_TARGET_NAME = HistoryApplicationIOS;
			};
			name = Release;
		};
/* End XCBuildConfiguration section */

/* Begin XCConfigurationList section */
		E9CC4C882379C9A8001960D6 /* Build configuration list for PBXProject "HistoryApplicationIOS" */ = {
			isa = XCConfigurationList;
			buildConfigurations = (
				E9CC4CB32379C9A9001960D6 /* Debug */,
				E9CC4CB42379C9A9001960D6 /* Release */,
			);
			defaultConfigurationIsVisible = 0;
			defaultConfigurationName = Release;
		};
		E9CC4CB52379C9A9001960D6 /* Build configuration list for PBXNativeTarget "HistoryApplicationIOS" */ = {
			isa = XCConfigurationList;
			buildConfigurations = (
				E9CC4CB62379C9A9001960D6 /* Debug */,
				E9CC4CB72379C9A9001960D6 /* Release */,
			);
			defaultConfigurationIsVisible = 0;
			defaultConfigurationName = Release;
		};
		E9CC4CB82379C9A9001960D6 /* Build configuration list for PBXNativeTarget "HistoryApplicationIOSTests" */ = {
			isa = XCConfigurationList;
			buildConfigurations = (
				E9CC4CB92379C9A9001960D6 /* Debug */,
				E9CC4CBA2379C9A9001960D6 /* Release */,
			);
			defaultConfigurationIsVisible = 0;
			defaultConfigurationName = Release;
		};
		E9CC4CBB2379C9A9001960D6 /* Build configuration list for PBXNativeTarget "HistoryApplicationIOSUITests" */ = {
			isa = XCConfigurationList;
			buildConfigurations = (
				E9CC4CBC2379C9A9001960D6 /* Debug */,
				E9CC4CBD2379C9A9001960D6 /* Release */,
			);
			defaultConfigurationIsVisible = 0;
			defaultConfigurationName = Release;
		};
/* End XCConfigurationList section */
	};
	rootObject = E9CC4C852379C9A8001960D6 /* Project object */;
}
